
Microsoft Visual Studio Solution File, Format Version 12.00
# Visual Studio Version 17
VisualStudioVersion = 17.0.32014.148
MinimumVisualStudioVersion = 10.0.40219.1
Project("{FAE04EC0-301F-11D3-BF4B-00C04F79EFBC}") = "Dijkstra's Algorithm", "1.Graphs Dijkstra, MST\Dijkstra's Algorithm.csproj", "{4CE2942D-7101-4110-9745-7190ED658166}"
EndProject
Project("{FAE04EC0-301F-11D3-BF4B-00C04F79EFBC}") = "2. Kruskal’s Algorithm", "2. Kruskal’s Algorithm\2. Kruskal’s Algorithm.csproj", "{C3B23135-A19B-4424-9830-4A17C5E8B6B2}"
EndProject
Global
	GlobalSection(SolutionConfigurationPlatforms) = preSolution
		Debug|Any CPU = Debug|Any CPU
		Release|Any CPU = Release|Any CPU
	EndGlobalSection
	GlobalSection(ProjectConfigurationPlatforms) = postSolution
		{4CE2942D-7101-4110-9745-7190ED658166}.Debug|Any CPU.ActiveCfg = Debug|Any CPU
		{4CE2942D-7101-4110-9745-7190ED658166}.Debug|Any CPU.Build.0 = Debug|Any CPU
		{4CE2942D-7101-4110-9745-7190ED658166}.Release|Any CPU.ActiveCfg = Release|Any CPU
		{4CE2942D-7101-4110-9745-7190ED658166}.Release|Any CPU.Build.0 = Release|Any CPU
		{C3B23135-A19B-4424-9830-4A17C5E8B6B2}.Debug|Any CPU.ActiveCfg = Debug|Any CPU
		{C3B23135-A19B-4424-9830-4A17C5E8B6B2}.Debug|Any CPU.Build.0 = Debug|Any CPU
		{C3B23135-A19B-4424-9830-4A17C5E8B6B2}.Release|Any CPU.ActiveCfg = Release|Any CPU
		{C3B23135-A19B-4424-9830-4A17C5E8B6B2}.Release|Any CPU.Build.0 = Release|Any CPU
	EndGlobalSection
	GlobalSection(SolutionProperties) = preSolution
		HideSolutionNode = FALSE
	EndGlobalSection
	GlobalSection(ExtensibilityGlobals) = postSolution
		SolutionGuid = {83AD7C66-8E50-420B-9D6C-2F30AFDAF04A}
	EndGlobalSection
EndGlobal
